
Microsoft Visual Studio Solution File, Format Version 12.00
# Visual Studio Version 17
VisualStudioVersion = 17.0.32112.339
MinimumVisualStudioVersion = 10.0.40219.1
Project("{FAE04EC0-301F-11D3-BF4B-00C04F79EFBC}") = "DogSitters.API", "DogSitters\DogSitters.API.csproj", "{018E981C-9103-4615-A114-D21CCA259AA9}"
EndProject
Project("{FAE04EC0-301F-11D3-BF4B-00C04F79EFBC}") = "DogSitters.Business", "DogSitters.Business\DogSitters.Business.csproj", "{2EE119CB-2CB5-4A7B-9830-539DA0787D94}"
EndProject
Project("{FAE04EC0-301F-11D3-BF4B-00C04F79EFBC}") = "DogSitters.DataLayer", "DogSitters.DataLayer\DogSitters.DataLayer.csproj", "{330C8F98-3502-471B-A62E-44A6AC82FC51}"
EndProject
Global
	GlobalSection(SolutionConfigurationPlatforms) = preSolution
		Debug|Any CPU = Debug|Any CPU
		Release|Any CPU = Release|Any CPU
	EndGlobalSection
	GlobalSection(ProjectConfigurationPlatforms) = postSolution
		{018E981C-9103-4615-A114-D21CCA259AA9}.Debug|Any CPU.ActiveCfg = Debug|Any CPU
		{018E981C-9103-4615-A114-D21CCA259AA9}.Debug|Any CPU.Build.0 = Debug|Any CPU
		{018E981C-9103-4615-A114-D21CCA259AA9}.Release|Any CPU.ActiveCfg = Release|Any CPU
		{018E981C-9103-4615-A114-D21CCA259AA9}.Release|Any CPU.Build.0 = Release|Any CPU
		{2EE119CB-2CB5-4A7B-9830-539DA0787D94}.Debug|Any CPU.ActiveCfg = Debug|Any CPU
		{2EE119CB-2CB5-4A7B-9830-539DA0787D94}.Debug|Any CPU.Build.0 = Debug|Any CPU
		{2EE119CB-2CB5-4A7B-9830-539DA0787D94}.Release|Any CPU.ActiveCfg = Release|Any CPU
		{2EE119CB-2CB5-4A7B-9830-539DA0787D94}.Release|Any CPU.Build.0 = Release|Any CPU
		{330C8F98-3502-471B-A62E-44A6AC82FC51}.Debug|Any CPU.ActiveCfg = Debug|Any CPU
		{330C8F98-3502-471B-A62E-44A6AC82FC51}.Debug|Any CPU.Build.0 = Debug|Any CPU
		{330C8F98-3502-471B-A62E-44A6AC82FC51}.Release|Any CPU.ActiveCfg = Release|Any CPU
		{330C8F98-3502-471B-A62E-44A6AC82FC51}.Release|Any CPU.Build.0 = Release|Any CPU
	EndGlobalSection
	GlobalSection(SolutionProperties) = preSolution
		HideSolutionNode = FALSE
	EndGlobalSection
	GlobalSection(ExtensibilityGlobals) = postSolution
		SolutionGuid = {45BA99D6-44FA-4595-9DFB-351A9F0CE762}
	EndGlobalSection
EndGlobal
